
Microsoft Visual Studio Solution File, Format Version 12.00
# Visual Studio Version 17
VisualStudioVersion = 17.13.35806.99 d17.13
MinimumVisualStudioVersion = 10.0.40219.1
Project("{FAE04EC0-301F-11D3-BF4B-00C04F79EFBC}") = "TrustWell Hospital Lab Application", "TrustWell Hospital Lab Application\TrustWell Hospital Lab Application.csproj", "{02999786-B233-4A4F-B5B8-AD94AD62754B}"
EndProject
Global
	GlobalSection(SolutionConfigurationPlatforms) = preSolution
		Debug|Any CPU = Debug|Any CPU
		Release|Any CPU = Release|Any CPU
	EndGlobalSection
	GlobalSection(ProjectConfigurationPlatforms) = postSolution
		{02999786-B233-4A4F-B5B8-AD94AD62754B}.Debug|Any CPU.ActiveCfg = Debug|Any CPU
		{02999786-B233-4A4F-B5B8-AD94AD62754B}.Debug|Any CPU.Build.0 = Debug|Any CPU
		{02999786-B233-4A4F-B5B8-AD94AD62754B}.Release|Any CPU.ActiveCfg = Release|Any CPU
		{02999786-B233-4A4F-B5B8-AD94AD62754B}.Release|Any CPU.Build.0 = Release|Any CPU
	EndGlobalSection
	GlobalSection(SolutionProperties) = preSolution
		HideSolutionNode = FALSE
	EndGlobalSection
	GlobalSection(ExtensibilityGlobals) = postSolution
		SolutionGuid = {B3C378EF-3923-4951-9C4E-EA4526E6354E}
	EndGlobalSection
EndGlobal
